
Microsoft Visual Studio Solution File, Format Version 12.00
# Visual Studio Version 17
VisualStudioVersion = 17.8.34316.72
MinimumVisualStudioVersion = 10.0.40219.1
Project("{9A19103F-16F7-4668-BE54-9A1E7A4F7556}") = "PracticalDemoWebAPI", "PracticalDemo\PracticalDemoWebAPI.csproj", "{729F6393-B6E4-4891-BB19-C805EC93E9CC}"
EndProject
Project("{9A19103F-16F7-4668-BE54-9A1E7A4F7556}") = "PracticalDemoWeb", "PracticalDemoWeb\PracticalDemoWeb.csproj", "{98EA04C5-09AD-4BD7-B564-D0E07E4335C7}"
EndProject
Global
	GlobalSection(SolutionConfigurationPlatforms) = preSolution
		Debug|Any CPU = Debug|Any CPU
		Release|Any CPU = Release|Any CPU
	EndGlobalSection
	GlobalSection(ProjectConfigurationPlatforms) = postSolution
		{729F6393-B6E4-4891-BB19-C805EC93E9CC}.Debug|Any CPU.ActiveCfg = Debug|Any CPU
		{729F6393-B6E4-4891-BB19-C805EC93E9CC}.Debug|Any CPU.Build.0 = Debug|Any CPU
		{729F6393-B6E4-4891-BB19-C805EC93E9CC}.Release|Any CPU.ActiveCfg = Release|Any CPU
		{729F6393-B6E4-4891-BB19-C805EC93E9CC}.Release|Any CPU.Build.0 = Release|Any CPU
		{98EA04C5-09AD-4BD7-B564-D0E07E4335C7}.Debug|Any CPU.ActiveCfg = Debug|Any CPU
		{98EA04C5-09AD-4BD7-B564-D0E07E4335C7}.Debug|Any CPU.Build.0 = Debug|Any CPU
		{98EA04C5-09AD-4BD7-B564-D0E07E4335C7}.Release|Any CPU.ActiveCfg = Release|Any CPU
		{98EA04C5-09AD-4BD7-B564-D0E07E4335C7}.Release|Any CPU.Build.0 = Release|Any CPU
	EndGlobalSection
	GlobalSection(SolutionProperties) = preSolution
		HideSolutionNode = FALSE
	EndGlobalSection
	GlobalSection(ExtensibilityGlobals) = postSolution
		SolutionGuid = {4B846D40-C798-4289-A014-CA7FD4C82698}
	EndGlobalSection
EndGlobal
